
Microsoft Visual Studio Solution File, Format Version 12.00
# Visual Studio Version 17
VisualStudioVersion = 17.12.35527.113
MinimumVisualStudioVersion = 10.0.40219.1
Project("{FAE04EC0-301F-11D3-BF4B-00C04F79EFBC}") = "ApiProject.WebApi", "ApiProject.WebApi\ApiProject.WebApi.csproj", "{23A1EDB4-4DED-4870-A743-37E7E8D1538B}"
EndProject
Project("{FAE04EC0-301F-11D3-BF4B-00C04F79EFBC}") = "ApiProject.WebUI", "ApiProject.WebUI\ApiProject.WebUI.csproj", "{A6B7AA97-AC80-425A-9F72-79C2D5B8424A}"
EndProject
Global
	GlobalSection(SolutionConfigurationPlatforms) = preSolution
		Debug|Any CPU = Debug|Any CPU
		Release|Any CPU = Release|Any CPU
	EndGlobalSection
	GlobalSection(ProjectConfigurationPlatforms) = postSolution
		{23A1EDB4-4DED-4870-A743-37E7E8D1538B}.Debug|Any CPU.ActiveCfg = Debug|Any CPU
		{23A1EDB4-4DED-4870-A743-37E7E8D1538B}.Debug|Any CPU.Build.0 = Debug|Any CPU
		{23A1EDB4-4DED-4870-A743-37E7E8D1538B}.Release|Any CPU.ActiveCfg = Release|Any CPU
		{23A1EDB4-4DED-4870-A743-37E7E8D1538B}.Release|Any CPU.Build.0 = Release|Any CPU
		{A6B7AA97-AC80-425A-9F72-79C2D5B8424A}.Debug|Any CPU.ActiveCfg = Debug|Any CPU
		{A6B7AA97-AC80-425A-9F72-79C2D5B8424A}.Debug|Any CPU.Build.0 = Debug|Any CPU
		{A6B7AA97-AC80-425A-9F72-79C2D5B8424A}.Release|Any CPU.ActiveCfg = Release|Any CPU
		{A6B7AA97-AC80-425A-9F72-79C2D5B8424A}.Release|Any CPU.Build.0 = Release|Any CPU
	EndGlobalSection
	GlobalSection(SolutionProperties) = preSolution
		HideSolutionNode = FALSE
	EndGlobalSection
EndGlobal
